
Microsoft Visual Studio Solution File, Format Version 12.00
# Visual Studio Version 16
VisualStudioVersion = 16.0.32802.440
MinimumVisualStudioVersion = 10.0.40219.1
Project("{9A19103F-16F7-4668-BE54-9A1E7A4F7556}") = "CollectiveMomentsServer", "CollectiveMomentsServer\CollectiveMomentsServer.csproj", "{29DF6E15-9532-4071-A409-D56BE91837E4}"
EndProject
Project("{9A19103F-16F7-4668-BE54-9A1E7A4F7556}") = "CollectiveMomentsServerBL", "CollectiveMomentsServerBL\CollectiveMomentsServerBL.csproj", "{8590E56D-66CB-466D-8A5C-00359CD7B32F}"
EndProject
Global
	GlobalSection(SolutionConfigurationPlatforms) = preSolution
		Debug|Any CPU = Debug|Any CPU
		Release|Any CPU = Release|Any CPU
	EndGlobalSection
	GlobalSection(ProjectConfigurationPlatforms) = postSolution
		{29DF6E15-9532-4071-A409-D56BE91837E4}.Debug|Any CPU.ActiveCfg = Debug|Any CPU
		{29DF6E15-9532-4071-A409-D56BE91837E4}.Debug|Any CPU.Build.0 = Debug|Any CPU
		{29DF6E15-9532-4071-A409-D56BE91837E4}.Release|Any CPU.ActiveCfg = Release|Any CPU
		{29DF6E15-9532-4071-A409-D56BE91837E4}.Release|Any CPU.Build.0 = Release|Any CPU
		{8590E56D-66CB-466D-8A5C-00359CD7B32F}.Debug|Any CPU.ActiveCfg = Debug|Any CPU
		{8590E56D-66CB-466D-8A5C-00359CD7B32F}.Debug|Any CPU.Build.0 = Debug|Any CPU
		{8590E56D-66CB-466D-8A5C-00359CD7B32F}.Release|Any CPU.ActiveCfg = Release|Any CPU
		{8590E56D-66CB-466D-8A5C-00359CD7B32F}.Release|Any CPU.Build.0 = Release|Any CPU
	EndGlobalSection
	GlobalSection(SolutionProperties) = preSolution
		HideSolutionNode = FALSE
	EndGlobalSection
	GlobalSection(ExtensibilityGlobals) = postSolution
		SolutionGuid = {EDE60087-148C-4831-BC98-DF8BDEAE3BB4}
	EndGlobalSection
EndGlobal
